
Microsoft Visual Studio Solution File, Format Version 12.00
# Visual Studio Version 17
VisualStudioVersion = 17.0.31903.59
MinimumVisualStudioVersion = 10.0.40219.1
Project("{FAE04EC0-301F-11D3-BF4B-00C04F79EFBC}") = "VectorMatchEngine.Core", "VectorMatchEngine.Core\VectorMatchEngine.Core.csproj", "{3F303F56-FA51-4CDB-ABE5-3908505F3595}"
EndProject
Project("{FAE04EC0-301F-11D3-BF4B-00C04F79EFBC}") = "VectorMatchEngine.Data", "VectorMatchEngine.Data\VectorMatchEngine.Data.csproj", "{C0A70447-D598-4A4B-95AC-8AA89F1322B7}"
EndProject
Project("{FAE04EC0-301F-11D3-BF4B-00C04F79EFBC}") = "VectorMatchEngine.UI", "VectorMatchEngine.UI\VectorMatchEngine.UI.csproj", "{412A40BD-CFE0-44B2-80B6-425F7C539B52}"
EndProject
Global
	GlobalSection(SolutionConfigurationPlatforms) = preSolution
		Debug|Any CPU = Debug|Any CPU
		Release|Any CPU = Release|Any CPU
	EndGlobalSection
	GlobalSection(SolutionProperties) = preSolution
		HideSolutionNode = FALSE
	EndGlobalSection
	GlobalSection(ProjectConfigurationPlatforms) = postSolution
		{3F303F56-FA51-4CDB-ABE5-3908505F3595}.Debug|Any CPU.ActiveCfg = Debug|Any CPU
		{3F303F56-FA51-4CDB-ABE5-3908505F3595}.Debug|Any CPU.Build.0 = Debug|Any CPU
		{3F303F56-FA51-4CDB-ABE5-3908505F3595}.Release|Any CPU.ActiveCfg = Release|Any CPU
		{3F303F56-FA51-4CDB-ABE5-3908505F3595}.Release|Any CPU.Build.0 = Release|Any CPU
		{C0A70447-D598-4A4B-95AC-8AA89F1322B7}.Debug|Any CPU.ActiveCfg = Debug|Any CPU
		{C0A70447-D598-4A4B-95AC-8AA89F1322B7}.Debug|Any CPU.Build.0 = Debug|Any CPU
		{C0A70447-D598-4A4B-95AC-8AA89F1322B7}.Release|Any CPU.ActiveCfg = Release|Any CPU
		{C0A70447-D598-4A4B-95AC-8AA89F1322B7}.Release|Any CPU.Build.0 = Release|Any CPU
		{412A40BD-CFE0-44B2-80B6-425F7C539B52}.Debug|Any CPU.ActiveCfg = Debug|Any CPU
		{412A40BD-CFE0-44B2-80B6-425F7C539B52}.Debug|Any CPU.Build.0 = Debug|Any CPU
		{412A40BD-CFE0-44B2-80B6-425F7C539B52}.Release|Any CPU.ActiveCfg = Release|Any CPU
		{412A40BD-CFE0-44B2-80B6-425F7C539B52}.Release|Any CPU.Build.0 = Release|Any CPU
	EndGlobalSection
EndGlobal
